
Microsoft Visual Studio Solution File, Format Version 12.00
# Visual Studio Version 16
VisualStudioVersion = 16.0.30011.22
MinimumVisualStudioVersion = 10.0.40219.1
Project("{FAE04EC0-301F-11D3-BF4B-00C04F79EFBC}") = "connexionAccess", "connexionAccess\connexionAccess.csproj", "{40D3359F-14B6-4E45-9946-C1ADD9FF23BE}"
EndProject
Project("{FAE04EC0-301F-11D3-BF4B-00C04F79EFBC}") = "connexionMySql", "connexionMySql\connexionMySql.csproj", "{1AB54CF7-5F6F-46D7-BBB1-F36D376EEA62}"
EndProject
Project("{FAE04EC0-301F-11D3-BF4B-00C04F79EFBC}") = "connexionWinForms", "connexionWinForms\connexionWinForms.csproj", "{0516A4FD-914D-412C-B3C0-08FC3F142DC7}"
EndProject
Project("{FAE04EC0-301F-11D3-BF4B-00C04F79EFBC}") = "Connexion.DAL", "Connexion.DAL\Connexion.DAL.csproj", "{33174B14-47E0-4A0B-8DFB-988778AB4894}"
EndProject
Project("{FAE04EC0-301F-11D3-BF4B-00C04F79EFBC}") = "Connexion.BO", "Connexion.BO\Connexion.BO.csproj", "{35BC41FA-8080-47F8-AD8A-AF6C3F1B851A}"
EndProject
Global
	GlobalSection(SolutionConfigurationPlatforms) = preSolution
		Debug|Any CPU = Debug|Any CPU
		Release|Any CPU = Release|Any CPU
	EndGlobalSection
	GlobalSection(ProjectConfigurationPlatforms) = postSolution
		{40D3359F-14B6-4E45-9946-C1ADD9FF23BE}.Debug|Any CPU.ActiveCfg = Debug|Any CPU
		{40D3359F-14B6-4E45-9946-C1ADD9FF23BE}.Debug|Any CPU.Build.0 = Debug|Any CPU
		{40D3359F-14B6-4E45-9946-C1ADD9FF23BE}.Release|Any CPU.ActiveCfg = Release|Any CPU
		{40D3359F-14B6-4E45-9946-C1ADD9FF23BE}.Release|Any CPU.Build.0 = Release|Any CPU
		{1AB54CF7-5F6F-46D7-BBB1-F36D376EEA62}.Debug|Any CPU.ActiveCfg = Debug|Any CPU
		{1AB54CF7-5F6F-46D7-BBB1-F36D376EEA62}.Debug|Any CPU.Build.0 = Debug|Any CPU
		{1AB54CF7-5F6F-46D7-BBB1-F36D376EEA62}.Release|Any CPU.ActiveCfg = Release|Any CPU
		{1AB54CF7-5F6F-46D7-BBB1-F36D376EEA62}.Release|Any CPU.Build.0 = Release|Any CPU
		{0516A4FD-914D-412C-B3C0-08FC3F142DC7}.Debug|Any CPU.ActiveCfg = Debug|Any CPU
		{0516A4FD-914D-412C-B3C0-08FC3F142DC7}.Debug|Any CPU.Build.0 = Debug|Any CPU
		{0516A4FD-914D-412C-B3C0-08FC3F142DC7}.Release|Any CPU.ActiveCfg = Release|Any CPU
		{0516A4FD-914D-412C-B3C0-08FC3F142DC7}.Release|Any CPU.Build.0 = Release|Any CPU
		{33174B14-47E0-4A0B-8DFB-988778AB4894}.Debug|Any CPU.ActiveCfg = Debug|Any CPU
		{33174B14-47E0-4A0B-8DFB-988778AB4894}.Debug|Any CPU.Build.0 = Debug|Any CPU
		{33174B14-47E0-4A0B-8DFB-988778AB4894}.Release|Any CPU.ActiveCfg = Release|Any CPU
		{33174B14-47E0-4A0B-8DFB-988778AB4894}.Release|Any CPU.Build.0 = Release|Any CPU
		{35BC41FA-8080-47F8-AD8A-AF6C3F1B851A}.Debug|Any CPU.ActiveCfg = Debug|Any CPU
		{35BC41FA-8080-47F8-AD8A-AF6C3F1B851A}.Debug|Any CPU.Build.0 = Debug|Any CPU
		{35BC41FA-8080-47F8-AD8A-AF6C3F1B851A}.Release|Any CPU.ActiveCfg = Release|Any CPU
		{35BC41FA-8080-47F8-AD8A-AF6C3F1B851A}.Release|Any CPU.Build.0 = Release|Any CPU
	EndGlobalSection
	GlobalSection(SolutionProperties) = preSolution
		HideSolutionNode = FALSE
	EndGlobalSection
	GlobalSection(ExtensibilityGlobals) = postSolution
		SolutionGuid = {9CD7C60E-7FF6-461B-A9F8-2137B1F4EA5D}
	EndGlobalSection
EndGlobal
